
Microsoft Visual Studio Solution File, Format Version 12.00
# Visual Studio 15
VisualStudioVersion = 15.0.27703.2018
MinimumVisualStudioVersion = 10.0.40219.1
Project("{FAE04EC0-301F-11D3-BF4B-00C04F79EFBC}") = "Prework_Lab_1", "Prework_Lab_1\Prework_Lab_1.csproj", "{3C3BB968-FFF2-46CF-A2B4-802F070AEADD}"
EndProject
Global
	GlobalSection(SolutionConfigurationPlatforms) = preSolution
		Debug|Any CPU = Debug|Any CPU
		Release|Any CPU = Release|Any CPU
	EndGlobalSection
	GlobalSection(ProjectConfigurationPlatforms) = postSolution
		{3C3BB968-FFF2-46CF-A2B4-802F070AEADD}.Debug|Any CPU.ActiveCfg = Debug|Any CPU
		{3C3BB968-FFF2-46CF-A2B4-802F070AEADD}.Debug|Any CPU.Build.0 = Debug|Any CPU
		{3C3BB968-FFF2-46CF-A2B4-802F070AEADD}.Release|Any CPU.ActiveCfg = Release|Any CPU
		{3C3BB968-FFF2-46CF-A2B4-802F070AEADD}.Release|Any CPU.Build.0 = Release|Any CPU
	EndGlobalSection
	GlobalSection(SolutionProperties) = preSolution
		HideSolutionNode = FALSE
	EndGlobalSection
	GlobalSection(ExtensibilityGlobals) = postSolution
		SolutionGuid = {636F256A-BB49-4700-A228-AC6A9A52EFD6}
	EndGlobalSection
EndGlobal
